
Microsoft Visual Studio Solution File, Format Version 12.00
# Visual Studio Version 16
VisualStudioVersion = 16.0.30907.101
MinimumVisualStudioVersion = 10.0.40219.1
Project("{2150E333-8FDC-42A3-9474-1A3956D46DE8}") = "NewFolder1", "NewFolder1", "{F84C2BC5-834D-4A77-B66C-EB8405132712}"
	ProjectSection(SolutionItems) = preProject
		Class1.cs = Class1.cs
		Class2.cs = Class2.cs
		Class3.cs = Class3.cs
		Class4.cs = Class4.cs
	EndProjectSection
EndProject
Global
	GlobalSection(SolutionProperties) = preSolution
		HideSolutionNode = FALSE
	EndGlobalSection
	GlobalSection(ExtensibilityGlobals) = postSolution
		SolutionGuid = {DBA98C58-4584-44FE-AB88-A83DD3827E4B}
	EndGlobalSection
EndGlobal
